
Microsoft Visual Studio Solution File, Format Version 11.00
# Visual Studio 2010
Project("{F184B08F-C81C-45F6-A57F-5ABD9991F28F}") = "DasaBukthi 6.0", "DasaBukthi 6.0\DasaBukthi 6.0.vbproj", "{F5CDAB75-817A-4324-8A09-29360C67269D}"
EndProject
Project("{F184B08F-C81C-45F6-A57F-5ABD9991F28F}") = "Evaluator", "Evaluator\Evaluator.vbproj", "{C177F591-FF17-44AF-8536-C1C5F277CBD3}"
EndProject
Project("{54435603-DBB4-11D2-8724-00A0C9A8B90C}") = "DasaBukthiInstaller", "DasaBukthiInstaller\DasaBukthiInstaller.vdproj", "{5AFCD8A2-D4DD-4DEF-9048-F225F6229F22}"
EndProject
Global
	GlobalSection(SolutionConfigurationPlatforms) = preSolution
		Debug|Any CPU = Debug|Any CPU
		Debug|Mixed Platforms = Debug|Mixed Platforms
		Debug|x86 = Debug|x86
		Release|Any CPU = Release|Any CPU
		Release|Mixed Platforms = Release|Mixed Platforms
		Release|x86 = Release|x86
	EndGlobalSection
	GlobalSection(ProjectConfigurationPlatforms) = postSolution
		{F5CDAB75-817A-4324-8A09-29360C67269D}.Debug|Any CPU.ActiveCfg = Debug|x86
		{F5CDAB75-817A-4324-8A09-29360C67269D}.Debug|Mixed Platforms.ActiveCfg = Debug|x86
		{F5CDAB75-817A-4324-8A09-29360C67269D}.Debug|Mixed Platforms.Build.0 = Debug|x86
		{F5CDAB75-817A-4324-8A09-29360C67269D}.Debug|x86.ActiveCfg = Debug|x86
		{F5CDAB75-817A-4324-8A09-29360C67269D}.Debug|x86.Build.0 = Debug|x86
		{F5CDAB75-817A-4324-8A09-29360C67269D}.Release|Any CPU.ActiveCfg = Release|x86
		{F5CDAB75-817A-4324-8A09-29360C67269D}.Release|Mixed Platforms.ActiveCfg = Release|x86
		{F5CDAB75-817A-4324-8A09-29360C67269D}.Release|Mixed Platforms.Build.0 = Release|x86
		{F5CDAB75-817A-4324-8A09-29360C67269D}.Release|x86.ActiveCfg = Release|x86
		{F5CDAB75-817A-4324-8A09-29360C67269D}.Release|x86.Build.0 = Release|x86
		{C177F591-FF17-44AF-8536-C1C5F277CBD3}.Debug|Any CPU.ActiveCfg = Debug|Any CPU
		{C177F591-FF17-44AF-8536-C1C5F277CBD3}.Debug|Any CPU.Build.0 = Debug|Any CPU
		{C177F591-FF17-44AF-8536-C1C5F277CBD3}.Debug|Mixed Platforms.ActiveCfg = Debug|Any CPU
		{C177F591-FF17-44AF-8536-C1C5F277CBD3}.Debug|Mixed Platforms.Build.0 = Debug|Any CPU
		{C177F591-FF17-44AF-8536-C1C5F277CBD3}.Debug|x86.ActiveCfg = Debug|Any CPU
		{C177F591-FF17-44AF-8536-C1C5F277CBD3}.Release|Any CPU.ActiveCfg = Release|Any CPU
		{C177F591-FF17-44AF-8536-C1C5F277CBD3}.Release|Any CPU.Build.0 = Release|Any CPU
		{C177F591-FF17-44AF-8536-C1C5F277CBD3}.Release|Mixed Platforms.ActiveCfg = Release|Any CPU
		{C177F591-FF17-44AF-8536-C1C5F277CBD3}.Release|Mixed Platforms.Build.0 = Release|Any CPU
		{C177F591-FF17-44AF-8536-C1C5F277CBD3}.Release|x86.ActiveCfg = Release|Any CPU
		{5AFCD8A2-D4DD-4DEF-9048-F225F6229F22}.Debug|Any CPU.ActiveCfg = Debug
		{5AFCD8A2-D4DD-4DEF-9048-F225F6229F22}.Debug|Mixed Platforms.ActiveCfg = Debug
		{5AFCD8A2-D4DD-4DEF-9048-F225F6229F22}.Debug|x86.ActiveCfg = Debug
		{5AFCD8A2-D4DD-4DEF-9048-F225F6229F22}.Release|Any CPU.ActiveCfg = Release
		{5AFCD8A2-D4DD-4DEF-9048-F225F6229F22}.Release|Mixed Platforms.ActiveCfg = Release
		{5AFCD8A2-D4DD-4DEF-9048-F225F6229F22}.Release|x86.ActiveCfg = Release
	EndGlobalSection
	GlobalSection(SolutionProperties) = preSolution
		HideSolutionNode = FALSE
	EndGlobalSection
EndGlobal
